// !$*UTF8*$!
{
	archiveVersion = 1;
	classes = {
	};
	objectVersion = 55;
	objects = {

/* Begin PBXBuildFile section */
		371093D580B980C93F86B481 /* Pods_DailyPointer.framework in Frameworks */ = {isa = PBXBuildFile; fileRef = 34F0F6C4BD64FD0A6F14F7B7 /* Pods_DailyPointer.framework */; };
		E5094D0D2876EC6100C016A7 /* LocationManager.swift in Sources */ = {isa = PBXBuildFile; fileRef = E5094D0C2876EC6100C016A7 /* LocationManager.swift */; };
		E524391D2876D75300EB866D /* AppDelegate.swift in Sources */ = {isa = PBXBuildFile; fileRef = E524391C2876D75300EB866D /* AppDelegate.swift */; };
		E524391F2876D75300EB866D /* SceneDelegate.swift in Sources */ = {isa = PBXBuildFile; fileRef = E524391E2876D75300EB866D /* SceneDelegate.swift */; };
		E52439262876D75400EB866D /* Assets.xcassets in Resources */ = {isa = PBXBuildFile; fileRef = E52439252876D75400EB866D /* Assets.xcassets */; };
		E52439292876D75400EB866D /* LaunchScreen.storyboard in Resources */ = {isa = PBXBuildFile; fileRef = E52439272876D75400EB866D /* LaunchScreen.storyboard */; };
		E52439322876D89900EB866D /* Router.swift in Sources */ = {isa = PBXBuildFile; fileRef = E52439312876D89900EB866D /* Router.swift */; };
		E52439342876D90100EB866D /* Map.swift in Sources */ = {isa = PBXBuildFile; fileRef = E52439332876D90100EB866D /* Map.swift */; };
		E52439362876D90D00EB866D /* Interactor.swift in Sources */ = {isa = PBXBuildFile; fileRef = E52439352876D90D00EB866D /* Interactor.swift */; };
		E52439382876D91C00EB866D /* Presenter.swift in Sources */ = {isa = PBXBuildFile; fileRef = E52439372876D91C00EB866D /* Presenter.swift */; };
		E524393A2876D92C00EB866D /* Entity.swift in Sources */ = {isa = PBXBuildFile; fileRef = E52439392876D92C00EB866D /* Entity.swift */; };
		E5960AAD2877151A0014DF70 /* GoogleService-Info.plist in Resources */ = {isa = PBXBuildFile; fileRef = E5960AAC2877151A0014DF70 /* GoogleService-Info.plist */; };
		E5960AB0287718720014DF70 /* FirebaseService.swift in Sources */ = {isa = PBXBuildFile; fileRef = E5960AAF287718720014DF70 /* FirebaseService.swift */; };
		E5960AB328771A130014DF70 /* Login.swift in Sources */ = {isa = PBXBuildFile; fileRef = E5960AB228771A130014DF70 /* Login.swift */; };
		E5960AB528772E9E0014DF70 /* CreateNewAccount.swift in Sources */ = {isa = PBXBuildFile; fileRef = E5960AB428772E9E0014DF70 /* CreateNewAccount.swift */; };
		E5960AB72878179D0014DF70 /* FireBaseAuthService.swift in Sources */ = {isa = PBXBuildFile; fileRef = E5960AB62878179D0014DF70 /* FireBaseAuthService.swift */; };
/* End PBXBuildFile section */

/* Begin PBXFileReference section */
		34F0F6C4BD64FD0A6F14F7B7 /* Pods_DailyPointer.framework */ = {isa = PBXFileReference; explicitFileType = wrapper.framework; includeInIndex = 0; path = Pods_DailyPointer.framework; sourceTree = BUILT_PRODUCTS_DIR; };
		AC7F0D44E34D7005EE118A04 /* Pods-DailyPointer.release.xcconfig */ = {isa = PBXFileReference; includeInIndex = 1; lastKnownFileType = text.xcconfig; name = "Pods-DailyPointer.release.xcconfig"; path = "Target Support Files/Pods-DailyPointer/Pods-DailyPointer.release.xcconfig"; sourceTree = "<group>"; };
		AD25847CE1510D5C032DB3A6 /* Pods-DailyPointer.debug.xcconfig */ = {isa = PBXFileReference; includeInIndex = 1; lastKnownFileType = text.xcconfig; name = "Pods-DailyPointer.debug.xcconfig"; path = "Target Support Files/Pods-DailyPointer/Pods-DailyPointer.debug.xcconfig"; sourceTree = "<group>"; };
		E5094D0C2876EC6100C016A7 /* LocationManager.swift */ = {isa = PBXFileReference; lastKnownFileType = sourcecode.swift; path = LocationManager.swift; sourceTree = "<group>"; };
		E52439192876D75300EB866D /* DailyPointer.app */ = {isa = PBXFileReference; explicitFileType = wrapper.application; includeInIndex = 0; path = DailyPointer.app; sourceTree = BUILT_PRODUCTS_DIR; };
		E524391C2876D75300EB866D /* AppDelegate.swift */ = {isa = PBXFileReference; lastKnownFileType = sourcecode.swift; path = AppDelegate.swift; sourceTree = "<group>"; };
		E524391E2876D75300EB866D /* SceneDelegate.swift */ = {isa = PBXFileReference; lastKnownFileType = sourcecode.swift; path = SceneDelegate.swift; sourceTree = "<group>"; };
		E52439252876D75400EB866D /* Assets.xcassets */ = {isa = PBXFileReference; lastKnownFileType = folder.assetcatalog; path = Assets.xcassets; sourceTree = "<group>"; };
		E52439282876D75400EB866D /* Base */ = {isa = PBXFileReference; lastKnownFileType = file.storyboard; name = Base; path = Base.lproj/LaunchScreen.storyboard; sourceTree = "<group>"; };
		E524392A2876D75400EB866D /* Info.plist */ = {isa = PBXFileReference; lastKnownFileType = text.plist.xml; path = Info.plist; sourceTree = "<group>"; };
		E52439312876D89900EB866D /* Router.swift */ = {isa = PBXFileReference; lastKnownFileType = sourcecode.swift; path = Router.swift; sourceTree = "<group>"; };
		E52439332876D90100EB866D /* Map.swift */ = {isa = PBXFileReference; lastKnownFileType = sourcecode.swift; path = Map.swift; sourceTree = "<group>"; };
		E52439352876D90D00EB866D /* Interactor.swift */ = {isa = PBXFileReference; lastKnownFileType = sourcecode.swift; path = Interactor.swift; sourceTree = "<group>"; };
		E52439372876D91C00EB866D /* Presenter.swift */ = {isa = PBXFileReference; lastKnownFileType = sourcecode.swift; path = Presenter.swift; sourceTree = "<group>"; };
		E52439392876D92C00EB866D /* Entity.swift */ = {isa = PBXFileReference; lastKnownFileType = sourcecode.swift; path = Entity.swift; sourceTree = "<group>"; };
		E5960AAC2877151A0014DF70 /* GoogleService-Info.plist */ = {isa = PBXFileReference; fileEncoding = 4; lastKnownFileType = text.plist.xml; name = "GoogleService-Info.plist"; path = "../../../../Downloads/GoogleService-Info.plist"; sourceTree = "<group>"; };
		E5960AAF287718720014DF70 /* FirebaseService.swift */ = {isa = PBXFileReference; lastKnownFileType = sourcecode.swift; path = FirebaseService.swift; sourceTree = "<group>"; };
		E5960AB228771A130014DF70 /* Login.swift */ = {isa = PBXFileReference; lastKnownFileType = sourcecode.swift; path = Login.swift; sourceTree = "<group>"; };
		E5960AB428772E9E0014DF70 /* CreateNewAccount.swift */ = {isa = PBXFileReference; lastKnownFileType = sourcecode.swift; path = CreateNewAccount.swift; sourceTree = "<group>"; };
		E5960AB62878179D0014DF70 /* FireBaseAuthService.swift */ = {isa = PBXFileReference; lastKnownFileType = sourcecode.swift; path = FireBaseAuthService.swift; sourceTree = "<group>"; };
/* End PBXFileReference section */

/* Begin PBXFrameworksBuildPhase section */
		E52439162876D75300EB866D /* Frameworks */ = {
			isa = PBXFrameworksBuildPhase;
			buildActionMask = 2147483647;
			files = (
				371093D580B980C93F86B481 /* Pods_DailyPointer.framework in Frameworks */,
			);
			runOnlyForDeploymentPostprocessing = 0;
		};
/* End PBXFrameworksBuildPhase section */

/* Begin PBXGroup section */
		6946F719DA0EAE4F1A5F5FBB /* Pods */ = {
			isa = PBXGroup;
			children = (
				AD25847CE1510D5C032DB3A6 /* Pods-DailyPointer.debug.xcconfig */,
				AC7F0D44E34D7005EE118A04 /* Pods-DailyPointer.release.xcconfig */,
			);
			path = Pods;
			sourceTree = "<group>";
		};
		BF74606248A59B2F18E48D09 /* Frameworks */ = {
			isa = PBXGroup;
			children = (
				34F0F6C4BD64FD0A6F14F7B7 /* Pods_DailyPointer.framework */,
			);
			name = Frameworks;
			sourceTree = "<group>";
		};
		E5094D0B2876EC4A00C016A7 /* Manager */ = {
			isa = PBXGroup;
			children = (
				E5094D0C2876EC6100C016A7 /* LocationManager.swift */,
			);
			path = Manager;
			sourceTree = "<group>";
		};
		E52439102876D75300EB866D = {
			isa = PBXGroup;
			children = (
				E524391B2876D75300EB866D /* DailyPointer */,
				E524391A2876D75300EB866D /* Products */,
				6946F719DA0EAE4F1A5F5FBB /* Pods */,
				BF74606248A59B2F18E48D09 /* Frameworks */,
			);
			sourceTree = "<group>";
		};
		E524391A2876D75300EB866D /* Products */ = {
			isa = PBXGroup;
			children = (
				E52439192876D75300EB866D /* DailyPointer.app */,
			);
			name = Products;
			sourceTree = "<group>";
		};
		E524391B2876D75300EB866D /* DailyPointer */ = {
			isa = PBXGroup;
			children = (
				E5960AAE287718620014DF70 /* Services */,
				E5094D0B2876EC4A00C016A7 /* Manager */,
				E52439302876D88100EB866D /* VIPER */,
				E524391C2876D75300EB866D /* AppDelegate.swift */,
				E524391E2876D75300EB866D /* SceneDelegate.swift */,
				E52439252876D75400EB866D /* Assets.xcassets */,
				E5960AAC2877151A0014DF70 /* GoogleService-Info.plist */,
				E52439272876D75400EB866D /* LaunchScreen.storyboard */,
				E524392A2876D75400EB866D /* Info.plist */,
			);
			path = DailyPointer;
			sourceTree = "<group>";
		};
		E52439302876D88100EB866D /* VIPER */ = {
			isa = PBXGroup;
			children = (
				E5960AB128771A000014DF70 /* Views */,
				E52439352876D90D00EB866D /* Interactor.swift */,
				E52439372876D91C00EB866D /* Presenter.swift */,
				E52439392876D92C00EB866D /* Entity.swift */,
				E52439312876D89900EB866D /* Router.swift */,
			);
			path = VIPER;
			sourceTree = "<group>";
		};
		E5960AAE287718620014DF70 /* Services */ = {
			isa = PBXGroup;
			children = (
				E5960AAF287718720014DF70 /* FirebaseService.swift */,
				E5960AB62878179D0014DF70 /* FireBaseAuthService.swift */,
			);
			path = Services;
			sourceTree = "<group>";
		};
		E5960AB128771A000014DF70 /* Views */ = {
			isa = PBXGroup;
			children = (
				E52439332876D90100EB866D /* Map.swift */,
				E5960AB228771A130014DF70 /* Login.swift */,
				E5960AB428772E9E0014DF70 /* CreateNewAccount.swift */,
			);
			path = Views;
			sourceTree = "<group>";
		};
/* End PBXGroup section */

/* Begin PBXNativeTarget section */
		E52439182876D75300EB866D /* DailyPointer */ = {
			isa = PBXNativeTarget;
			buildConfigurationList = E524392D2876D75400EB866D /* Build configuration list for PBXNativeTarget "DailyPointer" */;
			buildPhases = (
				08E7205009094AB2E56E7F88 /* [CP] Check Pods Manifest.lock */,
				E52439152876D75300EB866D /* Sources */,
				E52439162876D75300EB866D /* Frameworks */,
				E52439172876D75300EB866D /* Resources */,
				6BF59C8874EAF47FD1D994EF /* [CP] Embed Pods Frameworks */,
			);
			buildRules = (
			);
			dependencies = (
			);
			name = DailyPointer;
			productName = DailyPointer;
			productReference = E52439192876D75300EB866D /* DailyPointer.app */;
			productType = "com.apple.product-type.application";
		};
/* End PBXNativeTarget section */

/* Begin PBXProject section */
		E52439112876D75300EB866D /* Project object */ = {
			isa = PBXProject;
			attributes = {
				BuildIndependentTargetsInParallel = 1;
				LastSwiftUpdateCheck = 1340;
				LastUpgradeCheck = 1340;
				TargetAttributes = {
					E52439182876D75300EB866D = {
						CreatedOnToolsVersion = 13.4.1;
					};
				};
			};
			buildConfigurationList = E52439142876D75300EB866D /* Build configuration list for PBXProject "DailyPointer" */;
			compatibilityVersion = "Xcode 13.0";
			developmentRegion = en;
			hasScannedForEncodings = 0;
			knownRegions = (
				en,
				Base,
			);
			mainGroup = E52439102876D75300EB866D;
			productRefGroup = E524391A2876D75300EB866D /* Products */;
			projectDirPath = "";
			projectRoot = "";
			targets = (
				E52439182876D75300EB866D /* DailyPointer */,
			);
		};
/* End PBXProject section */

/* Begin PBXResourcesBuildPhase section */
		E52439172876D75300EB866D /* Resources */ = {
			isa = PBXResourcesBuildPhase;
			buildActionMask = 2147483647;
			files = (
				E52439292876D75400EB866D /* LaunchScreen.storyboard in Resources */,
				E52439262876D75400EB866D /* Assets.xcassets in Resources */,
				E5960AAD2877151A0014DF70 /* GoogleService-Info.plist in Resources */,
			);
			runOnlyForDeploymentPostprocessing = 0;
		};
/* End PBXResourcesBuildPhase section */

/* Begin PBXShellScriptBuildPhase section */
		08E7205009094AB2E56E7F88 /* [CP] Check Pods Manifest.lock */ = {
			isa = PBXShellScriptBuildPhase;
			buildActionMask = 2147483647;
			files = (
			);
			inputFileListPaths = (
			);
			inputPaths = (
				"${PODS_PODFILE_DIR_PATH}/Podfile.lock",
				"${PODS_ROOT}/Manifest.lock",
			);
			name = "[CP] Check Pods Manifest.lock";
			outputFileListPaths = (
			);
			outputPaths = (
				"$(DERIVED_FILE_DIR)/Pods-DailyPointer-checkManifestLockResult.txt",
			);
			runOnlyForDeploymentPostprocessing = 0;
			shellPath = /bin/sh;
			shellScript = "diff \"${PODS_PODFILE_DIR_PATH}/Podfile.lock\" \"${PODS_ROOT}/Manifest.lock\" > /dev/null\nif [ $? != 0 ] ; then\n    # print error to STDERR\n    echo \"error: The sandbox is not in sync with the Podfile.lock. Run 'pod install' or update your CocoaPods installation.\" >&2\n    exit 1\nfi\n# This output is used by Xcode 'outputs' to avoid re-running this script phase.\necho \"SUCCESS\" > \"${SCRIPT_OUTPUT_FILE_0}\"\n";
			showEnvVarsInLog = 0;
		};
		6BF59C8874EAF47FD1D994EF /* [CP] Embed Pods Frameworks */ = {
			isa = PBXShellScriptBuildPhase;
			buildActionMask = 2147483647;
			files = (
			);
			inputFileListPaths = (
				"${PODS_ROOT}/Target Support Files/Pods-DailyPointer/Pods-DailyPointer-frameworks-${CONFIGURATION}-input-files.xcfilelist",
			);
			name = "[CP] Embed Pods Frameworks";
			outputFileListPaths = (
				"${PODS_ROOT}/Target Support Files/Pods-DailyPointer/Pods-DailyPointer-frameworks-${CONFIGURATION}-output-files.xcfilelist",
			);
			runOnlyForDeploymentPostprocessing = 0;
			shellPath = /bin/sh;
			shellScript = "\"${PODS_ROOT}/Target Support Files/Pods-DailyPointer/Pods-DailyPointer-frameworks.sh\"\n";
			showEnvVarsInLog = 0;
		};
/* End PBXShellScriptBuildPhase section */

/* Begin PBXSourcesBuildPhase section */
		E52439152876D75300EB866D /* Sources */ = {
			isa = PBXSourcesBuildPhase;
			buildActionMask = 2147483647;
			files = (
				E5960AB72878179D0014DF70 /* FireBaseAuthService.swift in Sources */,
				E52439362876D90D00EB866D /* Interactor.swift in Sources */,
				E5960AB328771A130014DF70 /* Login.swift in Sources */,
				E52439382876D91C00EB866D /* Presenter.swift in Sources */,
				E5960AB528772E9E0014DF70 /* CreateNewAccount.swift in Sources */,
				E52439322876D89900EB866D /* Router.swift in Sources */,
				E524393A2876D92C00EB866D /* Entity.swift in Sources */,
				E5960AB0287718720014DF70 /* FirebaseService.swift in Sources */,
				E5094D0D2876EC6100C016A7 /* LocationManager.swift in Sources */,
				E52439342876D90100EB866D /* Map.swift in Sources */,
				E524391D2876D75300EB866D /* AppDelegate.swift in Sources */,
				E524391F2876D75300EB866D /* SceneDelegate.swift in Sources */,
			);
			runOnlyForDeploymentPostprocessing = 0;
		};
/* End PBXSourcesBuildPhase section */

/* Begin PBXVariantGroup section */
		E52439272876D75400EB866D /* LaunchScreen.storyboard */ = {
			isa = PBXVariantGroup;
			children = (
				E52439282876D75400EB866D /* Base */,
			);
			name = LaunchScreen.storyboard;
			sourceTree = "<group>";
		};
/* End PBXVariantGroup section */

/* Begin XCBuildConfiguration section */
		E524392B2876D75400EB866D /* Debug */ = {
			isa = XCBuildConfiguration;
			buildSettings = {
				ALWAYS_SEARCH_USER_PATHS = NO;
				CLANG_ANALYZER_NONNULL = YES;
				CLANG_ANALYZER_NUMBER_OBJECT_CONVERSION = YES_AGGRESSIVE;
				CLANG_CXX_LANGUAGE_STANDARD = "gnu++17";
				CLANG_ENABLE_MODULES = YES;
				CLANG_ENABLE_OBJC_ARC = YES;
				CLANG_ENABLE_OBJC_WEAK = YES;
				CLANG_WARN_BLOCK_CAPTURE_AUTORELEASING = YES;
				CLANG_WARN_BOOL_CONVERSION = YES;
				CLANG_WARN_COMMA = YES;
				CLANG_WARN_CONSTANT_CONVERSION = YES;
				CLANG_WARN_DEPRECATED_OBJC_IMPLEMENTATIONS = YES;
				CLANG_WARN_DIRECT_OBJC_ISA_USAGE = YES_ERROR;
				CLANG_WARN_DOCUMENTATION_COMMENTS = YES;
				CLANG_WARN_EMPTY_BODY = YES;
				CLANG_WARN_ENUM_CONVERSION = YES;
				CLANG_WARN_INFINITE_RECURSION = YES;
				CLANG_WARN_INT_CONVERSION = YES;
				CLANG_WARN_NON_LITERAL_NULL_CONVERSION = YES;
				CLANG_WARN_OBJC_IMPLICIT_RETAIN_SELF = YES;
				CLANG_WARN_OBJC_LITERAL_CONVERSION = YES;
				CLANG_WARN_OBJC_ROOT_CLASS = YES_ERROR;
				CLANG_WARN_QUOTED_INCLUDE_IN_FRAMEWORK_HEADER = YES;
				CLANG_WARN_RANGE_LOOP_ANALYSIS = YES;
				CLANG_WARN_STRICT_PROTOTYPES = YES;
				CLANG_WARN_SUSPICIOUS_MOVE = YES;
				CLANG_WARN_UNGUARDED_AVAILABILITY = YES_AGGRESSIVE;
				CLANG_WARN_UNREACHABLE_CODE = YES;
				CLANG_WARN__DUPLICATE_METHOD_MATCH = YES;
				COPY_PHASE_STRIP = NO;
				DEBUG_INFORMATION_FORMAT = dwarf;
				ENABLE_STRICT_OBJC_MSGSEND = YES;
				ENABLE_TESTABILITY = YES;
				GCC_C_LANGUAGE_STANDARD = gnu11;
				GCC_DYNAMIC_NO_PIC = NO;
				GCC_NO_COMMON_BLOCKS = YES;
				GCC_OPTIMIZATION_LEVEL = 0;
				GCC_PREPROCESSOR_DEFINITIONS = (
					"DEBUG=1",
					"$(inherited)",
				);
				GCC_WARN_64_TO_32_BIT_CONVERSION = YES;
				GCC_WARN_ABOUT_RETURN_TYPE = YES_ERROR;
				GCC_WARN_UNDECLARED_SELECTOR = YES;
				GCC_WARN_UNINITIALIZED_AUTOS = YES_AGGRESSIVE;
				GCC_WARN_UNUSED_FUNCTION = YES;
				GCC_WARN_UNUSED_VARIABLE = YES;
				IPHONEOS_DEPLOYMENT_TARGET = 15.5;
				MTL_ENABLE_DEBUG_INFO = INCLUDE_SOURCE;
				MTL_FAST_MATH = YES;
				ONLY_ACTIVE_ARCH = YES;
				SDKROOT = iphoneos;
				SWIFT_ACTIVE_COMPILATION_CONDITIONS = DEBUG;
				SWIFT_OPTIMIZATION_LEVEL = "-Onone";
			};
			name = Debug;
		};
		E524392C2876D75400EB866D /* Release */ = {
			isa = XCBuildConfiguration;
			buildSettings = {
				ALWAYS_SEARCH_USER_PATHS = NO;
				CLANG_ANALYZER_NONNULL = YES;
				CLANG_ANALYZER_NUMBER_OBJECT_CONVERSION = YES_AGGRESSIVE;
				CLANG_CXX_LANGUAGE_STANDARD = "gnu++17";
				CLANG_ENABLE_MODULES = YES;
				CLANG_ENABLE_OBJC_ARC = YES;
				CLANG_ENABLE_OBJC_WEAK = YES;
				CLANG_WARN_BLOCK_CAPTURE_AUTORELEASING = YES;
				CLANG_WARN_BOOL_CONVERSION = YES;
				CLANG_WARN_COMMA = YES;
				CLANG_WARN_CONSTANT_CONVERSION = YES;
				CLANG_WARN_DEPRECATED_OBJC_IMPLEMENTATIONS = YES;
				CLANG_WARN_DIRECT_OBJC_ISA_USAGE = YES_ERROR;
				CLANG_WARN_DOCUMENTATION_COMMENTS = YES;
				CLANG_WARN_EMPTY_BODY = YES;
				CLANG_WARN_ENUM_CONVERSION = YES;
				CLANG_WARN_INFINITE_RECURSION = YES;
				CLANG_WARN_INT_CONVERSION = YES;
				CLANG_WARN_NON_LITERAL_NULL_CONVERSION = YES;
				CLANG_WARN_OBJC_IMPLICIT_RETAIN_SELF = YES;
				CLANG_WARN_OBJC_LITERAL_CONVERSION = YES;
				CLANG_WARN_OBJC_ROOT_CLASS = YES_ERROR;
				CLANG_WARN_QUOTED_INCLUDE_IN_FRAMEWORK_HEADER = YES;
				CLANG_WARN_RANGE_LOOP_ANALYSIS = YES;
				CLANG_WARN_STRICT_PROTOTYPES = YES;
				CLANG_WARN_SUSPICIOUS_MOVE = YES;
				CLANG_WARN_UNGUARDED_AVAILABILITY = YES_AGGRESSIVE;
				CLANG_WARN_UNREACHABLE_CODE = YES;
				CLANG_WARN__DUPLICATE_METHOD_MATCH = YES;
				COPY_PHASE_STRIP = NO;
				DEBUG_INFORMATION_FORMAT = "dwarf-with-dsym";
				ENABLE_NS_ASSERTIONS = NO;
				ENABLE_STRICT_OBJC_MSGSEND = YES;
				GCC_C_LANGUAGE_STANDARD = gnu11;
				GCC_NO_COMMON_BLOCKS = YES;
				GCC_WARN_64_TO_32_BIT_CONVERSION = YES;
				GCC_WARN_ABOUT_RETURN_TYPE = YES_ERROR;
				GCC_WARN_UNDECLARED_SELECTOR = YES;
				GCC_WARN_UNINITIALIZED_AUTOS = YES_AGGRESSIVE;
				GCC_WARN_UNUSED_FUNCTION = YES;
				GCC_WARN_UNUSED_VARIABLE = YES;
				IPHONEOS_DEPLOYMENT_TARGET = 15.5;
				MTL_ENABLE_DEBUG_INFO = NO;
				MTL_FAST_MATH = YES;
				SDKROOT = iphoneos;
				SWIFT_COMPILATION_MODE = wholemodule;
				SWIFT_OPTIMIZATION_LEVEL = "-O";
				VALIDATE_PRODUCT = YES;
			};
			name = Release;
		};
		E524392E2876D75400EB866D /* Debug */ = {
			isa = XCBuildConfiguration;
			baseConfigurationReference = AD25847CE1510D5C032DB3A6 /* Pods-DailyPointer.debug.xcconfig */;
			buildSettings = {
				ASSETCATALOG_COMPILER_APPICON_NAME = AppIcon;
				ASSETCATALOG_COMPILER_GLOBAL_ACCENT_COLOR_NAME = AccentColor;
				CODE_SIGN_STYLE = Automatic;
				CURRENT_PROJECT_VERSION = 1;
				DEVELOPMENT_TEAM = V8ZG3WLBMM;
				GENERATE_INFOPLIST_FILE = YES;
				INFOPLIST_FILE = DailyPointer/Info.plist;
				INFOPLIST_KEY_UIApplicationSupportsIndirectInputEvents = YES;
				INFOPLIST_KEY_UILaunchStoryboardName = LaunchScreen;
				INFOPLIST_KEY_UIMainStoryboardFile = Main;
				INFOPLIST_KEY_UISupportedInterfaceOrientations_iPad = "UIInterfaceOrientationPortrait UIInterfaceOrientationPortraitUpsideDown UIInterfaceOrientationLandscapeLeft UIInterfaceOrientationLandscapeRight";
				INFOPLIST_KEY_UISupportedInterfaceOrientations_iPhone = "UIInterfaceOrientationPortrait UIInterfaceOrientationLandscapeLeft UIInterfaceOrientationLandscapeRight";
				LD_RUNPATH_SEARCH_PATHS = (
					"$(inherited)",
					"@executable_path/Frameworks",
				);
				MARKETING_VERSION = 1.0;
				PRODUCT_BUNDLE_IDENTIFIER = com.krystynakruchkovska.DailyPointer;
				PRODUCT_NAME = "$(TARGET_NAME)";
				SWIFT_EMIT_LOC_STRINGS = YES;
				SWIFT_VERSION = 5.0;
				TARGETED_DEVICE_FAMILY = "1,2";
			};
			name = Debug;
		};
		E524392F2876D75400EB866D /* Release */ = {
			isa = XCBuildConfiguration;
			baseConfigurationReference = AC7F0D44E34D7005EE118A04 /* Pods-DailyPointer.release.xcconfig */;
			buildSettings = {
				ASSETCATALOG_COMPILER_APPICON_NAME = AppIcon;
				ASSETCATALOG_COMPILER_GLOBAL_ACCENT_COLOR_NAME = AccentColor;
				CODE_SIGN_STYLE = Automatic;
				CURRENT_PROJECT_VERSION = 1;
				DEVELOPMENT_TEAM = V8ZG3WLBMM;
				GENERATE_INFOPLIST_FILE = YES;
				INFOPLIST_FILE = DailyPointer/Info.plist;
				INFOPLIST_KEY_UIApplicationSupportsIndirectInputEvents = YES;
				INFOPLIST_KEY_UILaunchStoryboardName = LaunchScreen;
				INFOPLIST_KEY_UIMainStoryboardFile = Main;
				INFOPLIST_KEY_UISupportedInterfaceOrientations_iPad = "UIInterfaceOrientationPortrait UIInterfaceOrientationPortraitUpsideDown UIInterfaceOrientationLandscapeLeft UIInterfaceOrientationLandscapeRight";
				INFOPLIST_KEY_UISupportedInterfaceOrientations_iPhone = "UIInterfaceOrientationPortrait UIInterfaceOrientationLandscapeLeft UIInterfaceOrientationLandscapeRight";
				LD_RUNPATH_SEARCH_PATHS = (
					"$(inherited)",
					"@executable_path/Frameworks",
				);
				MARKETING_VERSION = 1.0;
				PRODUCT_BUNDLE_IDENTIFIER = com.krystynakruchkovska.DailyPointer;
				PRODUCT_NAME = "$(TARGET_NAME)";
				SWIFT_EMIT_LOC_STRINGS = YES;
				SWIFT_VERSION = 5.0;
				TARGETED_DEVICE_FAMILY = "1,2";
			};
			name = Release;
		};
/* End XCBuildConfiguration section */

/* Begin XCConfigurationList section */
		E52439142876D75300EB866D /* Build configuration list for PBXProject "DailyPointer" */ = {
			isa = XCConfigurationList;
			buildConfigurations = (
				E524392B2876D75400EB866D /* Debug */,
				E524392C2876D75400EB866D /* Release */,
			);
			defaultConfigurationIsVisible = 0;
			defaultConfigurationName = Release;
		};
		E524392D2876D75400EB866D /* Build configuration list for PBXNativeTarget "DailyPointer" */ = {
			isa = XCConfigurationList;
			buildConfigurations = (
				E524392E2876D75400EB866D /* Debug */,
				E524392F2876D75400EB866D /* Release */,
			);
			defaultConfigurationIsVisible = 0;
			defaultConfigurationName = Release;
		};
/* End XCConfigurationList section */
	};
	rootObject = E52439112876D75300EB866D /* Project object */;
}
